
Microsoft Visual Studio Solution File, Format Version 12.00
# Visual Studio Version 17
VisualStudioVersion = 17.10.34814.14
MinimumVisualStudioVersion = 10.0.40219.1
Project("{FAE04EC0-301F-11D3-BF4B-00C04F79EFBC}") = "BlazoredCollectionValidation", "BlazoredCollectionValidation\BlazoredCollectionValidation\BlazoredCollectionValidation.csproj", "{C8E8B8D5-F982-47A8-B8B1-F5FC774EC855}"
EndProject
Project("{FAE04EC0-301F-11D3-BF4B-00C04F79EFBC}") = "BlazoredCollectionValidation.Client", "BlazoredCollectionValidation\BlazoredCollectionValidation.Client\BlazoredCollectionValidation.Client.csproj", "{63DED42E-64A3-4549-91DE-31067F1701A1}"
EndProject
Global
	GlobalSection(SolutionConfigurationPlatforms) = preSolution
		Debug|Any CPU = Debug|Any CPU
		Release|Any CPU = Release|Any CPU
	EndGlobalSection
	GlobalSection(ProjectConfigurationPlatforms) = postSolution
		{C8E8B8D5-F982-47A8-B8B1-F5FC774EC855}.Debug|Any CPU.ActiveCfg = Debug|Any CPU
		{C8E8B8D5-F982-47A8-B8B1-F5FC774EC855}.Debug|Any CPU.Build.0 = Debug|Any CPU
		{C8E8B8D5-F982-47A8-B8B1-F5FC774EC855}.Release|Any CPU.ActiveCfg = Release|Any CPU
		{C8E8B8D5-F982-47A8-B8B1-F5FC774EC855}.Release|Any CPU.Build.0 = Release|Any CPU
		{63DED42E-64A3-4549-91DE-31067F1701A1}.Debug|Any CPU.ActiveCfg = Debug|Any CPU
		{63DED42E-64A3-4549-91DE-31067F1701A1}.Debug|Any CPU.Build.0 = Debug|Any CPU
		{63DED42E-64A3-4549-91DE-31067F1701A1}.Release|Any CPU.ActiveCfg = Release|Any CPU
		{63DED42E-64A3-4549-91DE-31067F1701A1}.Release|Any CPU.Build.0 = Release|Any CPU
	EndGlobalSection
	GlobalSection(SolutionProperties) = preSolution
		HideSolutionNode = FALSE
	EndGlobalSection
	GlobalSection(ExtensibilityGlobals) = postSolution
		SolutionGuid = {4CAC5F05-B676-4205-96BD-2552D7417876}
	EndGlobalSection
EndGlobal
